// !$*UTF8*$!
{
	archiveVersion = 1;
	classes = {
	};
	objectVersion = 46;
	objects = {

/* Begin PBXBuildFile section */
		AC887BE21E847E0600CCE46C /* AppDelegate.swift in Sources */ = {isa = PBXBuildFile; fileRef = AC887BE11E847E0600CCE46C /* AppDelegate.swift */; };
		AC887BE41E847E0600CCE46C /* ViewController.swift in Sources */ = {isa = PBXBuildFile; fileRef = AC887BE31E847E0600CCE46C /* ViewController.swift */; };
		AC887BE71E847E0600CCE46C /* Main.storyboard in Resources */ = {isa = PBXBuildFile; fileRef = AC887BE51E847E0600CCE46C /* Main.storyboard */; };
		AC887BE91E847E0600CCE46C /* Assets.xcassets in Resources */ = {isa = PBXBuildFile; fileRef = AC887BE81E847E0600CCE46C /* Assets.xcassets */; };
		AC887BEC1E847E0600CCE46C /* LaunchScreen.storyboard in Resources */ = {isa = PBXBuildFile; fileRef = AC887BEA1E847E0600CCE46C /* LaunchScreen.storyboard */; };
/* End PBXBuildFile section */

/* Begin PBXFileReference section */
		AC887BDE1E847E0500CCE46C /* FoodTracket.app */ = {isa = PBXFileReference; explicitFileType = wrapper.application; includeInIndex = 0; path = FoodTracket.app; sourceTree = BUILT_PRODUCTS_DIR; };
		AC887BE11E847E0600CCE46C /* AppDelegate.swift */ = {isa = PBXFileReference; lastKnownFileType = sourcecode.swift; path = AppDelegate.swift; sourceTree = "<group>"; };
		AC887BE31E847E0600CCE46C /* ViewController.swift */ = {isa = PBXFileReference; lastKnownFileType = sourcecode.swift; path = ViewController.swift; sourceTree = "<group>"; };
		AC887BE61E847E0600CCE46C /* Base */ = {isa = PBXFileReference; lastKnownFileType = file.storyboard; name = Base; path = Base.lproj/Main.storyboard; sourceTree = "<group>"; };
		AC887BE81E847E0600CCE46C /* Assets.xcassets */ = {isa = PBXFileReference; lastKnownFileType = folder.assetcatalog; path = Assets.xcassets; sourceTree = "<group>"; };
		AC887BEB1E847E0600CCE46C /* Base */ = {isa = PBXFileReference; lastKnownFileType = file.storyboard; name = Base; path = Base.lproj/LaunchScreen.storyboard; sourceTree = "<group>"; };
		AC887BED1E847E0600CCE46C /* Info.plist */ = {isa = PBXFileReference; lastKnownFileType = text.plist.xml; path = Info.plist; sourceTree = "<group>"; };
/* End PBXFileReference section */

/* Begin PBXFrameworksBuildPhase section */
		AC887BDB1E847E0500CCE46C /* Frameworks */ = {
			isa = PBXFrameworksBuildPhase;
			buildActionMask = 2147483647;
			files = (
			);
			runOnlyForDeploymentPostprocessing = 0;
		};
/* End PBXFrameworksBuildPhase section */

/* Begin PBXGroup section */
		AC887BD51E847E0500CCE46C = {
			isa = PBXGroup;
			children = (
				AC887BE01E847E0500CCE46C /* FoodTracket */,
				AC887BDF1E847E0500CCE46C /* Products */,
			);
			sourceTree = "<group>";
		};
		AC887BDF1E847E0500CCE46C /* Products */ = {
			isa = PBXGroup;
			children = (
				AC887BDE1E847E0500CCE46C /* FoodTracket.app */,
			);
			name = Products;
			sourceTree = "<group>";
		};
		AC887BE01E847E0500CCE46C /* FoodTracket */ = {
			isa = PBXGroup;
			children = (
				AC887BE11E847E0600CCE46C /* AppDelegate.swift */,
				AC887BE31E847E0600CCE46C /* ViewController.swift */,
				AC887BE51E847E0600CCE46C /* Main.storyboard */,
				AC887BE81E847E0600CCE46C /* Assets.xcassets */,
				AC887BEA1E847E0600CCE46C /* LaunchScreen.storyboard */,
				AC887BED1E847E0600CCE46C /* Info.plist */,
			);
			path = FoodTracket;
			sourceTree = "<group>";
		};
/* End PBXGroup section */

/* Begin PBXNativeTarget section */
		AC887BDD1E847E0500CCE46C /* FoodTracket */ = {
			isa = PBXNativeTarget;
			buildConfigurationList = AC887BF01E847E0600CCE46C /* Build configuration list for PBXNativeTarget "FoodTracket" */;
			buildPhases = (
				AC887BDA1E847E0500CCE46C /* Sources */,
				AC887BDB1E847E0500CCE46C /* Frameworks */,
				AC887BDC1E847E0500CCE46C /* Resources */,
			);
			buildRules = (
			);
			dependencies = (
			);
			name = FoodTracket;
			productName = FoodTracket;
			productReference = AC887BDE1E847E0500CCE46C /* FoodTracket.app */;
			productType = "com.apple.product-type.application";
		};
/* End PBXNativeTarget section */

/* Begin PBXProject section */
		AC887BD61E847E0500CCE46C /* Project object */ = {
			isa = PBXProject;
			attributes = {
				LastSwiftUpdateCheck = 0820;
				LastUpgradeCheck = 0820;
				ORGANIZATIONNAME = "Andrew Salisbury";
				TargetAttributes = {
					AC887BDD1E847E0500CCE46C = {
						CreatedOnToolsVersion = 8.2.1;
						ProvisioningStyle = Automatic;
					};
				};
			};
			buildConfigurationList = AC887BD91E847E0500CCE46C /* Build configuration list for PBXProject "FoodTracket" */;
			compatibilityVersion = "Xcode 3.2";
			developmentRegion = English;
			hasScannedForEncodings = 0;
			knownRegions = (
				en,
				Base,
			);
			mainGroup = AC887BD51E847E0500CCE46C;
			productRefGroup = AC887BDF1E847E0500CCE46C /* Products */;
			projectDirPath = "";
			projectRoot = "";
			targets = (
				AC887BDD1E847E0500CCE46C /* FoodTracket */,
			);
		};
/* End PBXProject section */

/* Begin PBXResourcesBuildPhase section */
		AC887BDC1E847E0500CCE46C /* Resources */ = {
			isa = PBXResourcesBuildPhase;
			buildActionMask = 2147483647;
			files = (
				AC887BEC1E847E0600CCE46C /* LaunchScreen.storyboard in Resources */,
				AC887BE91E847E0600CCE46C /* Assets.xcassets in Resources */,
				AC887BE71E847E0600CCE46C /* Main.storyboard in Resources */,
			);
			runOnlyForDeploymentPostprocessing = 0;
		};
/* End PBXResourcesBuildPhase section */

/* Begin PBXSourcesBuildPhase section */
		AC887BDA1E847E0500CCE46C /* Sources */ = {
			isa = PBXSourcesBuildPhase;
			buildActionMask = 2147483647;
			files = (
				AC887BE41E847E0600CCE46C /* ViewController.swift in Sources */,
				AC887BE21E847E0600CCE46C /* AppDelegate.swift in Sources */,
			);
			runOnlyForDeploymentPostprocessing = 0;
		};
/* End PBXSourcesBuildPhase section */

/* Begin PBXVariantGroup section */
		AC887BE51E847E0600CCE46C /* Main.storyboard */ = {
			isa = PBXVariantGroup;
			children = (
				AC887BE61E847E0600CCE46C /* Base */,
			);
			name = Main.storyboard;
			sourceTree = "<group>";
		};
		AC887BEA1E847E0600CCE46C /* LaunchScreen.storyboard */ = {
			isa = PBXVariantGroup;
			children = (
				AC887BEB1E847E0600CCE46C /* Base */,
			);
			name = LaunchScreen.storyboard;
			sourceTree = "<group>";
		};
/* End PBXVariantGroup section */

/* Begin XCBuildConfiguration section */
		AC887BEE1E847E0600CCE46C /* Debug */ = {
			isa = XCBuildConfiguration;
			buildSettings = {
				ALWAYS_SEARCH_USER_PATHS = NO;
				CLANG_ANALYZER_NONNULL = YES;
				CLANG_CXX_LANGUAGE_STANDARD = "gnu++0x";
				CLANG_CXX_LIBRARY = "libc++";
				CLANG_ENABLE_MODULES = YES;
				CLANG_ENABLE_OBJC_ARC = YES;
				CLANG_WARN_BOOL_CONVERSION = YES;
				CLANG_WARN_CONSTANT_CONVERSION = YES;
				CLANG_WARN_DIRECT_OBJC_ISA_USAGE = YES_ERROR;
				CLANG_WARN_DOCUMENTATION_COMMENTS = YES;
				CLANG_WARN_EMPTY_BODY = YES;
				CLANG_WARN_ENUM_CONVERSION = YES;
				CLANG_WARN_INFINITE_RECURSION = YES;
				CLANG_WARN_INT_CONVERSION = YES;
				CLANG_WARN_OBJC_ROOT_CLASS = YES_ERROR;
				CLANG_WARN_SUSPICIOUS_MOVE = YES;
				CLANG_WARN_UNREACHABLE_CODE = YES;
				CLANG_WARN__DUPLICATE_METHOD_MATCH = YES;
				"CODE_SIGN_IDENTITY[sdk=iphoneos*]" = "iPhone Developer";
				COPY_PHASE_STRIP = NO;
				DEBUG_INFORMATION_FORMAT = dwarf;
				ENABLE_STRICT_OBJC_MSGSEND = YES;
				ENABLE_TESTABILITY = YES;
				GCC_C_LANGUAGE_STANDARD = gnu99;
				GCC_DYNAMIC_NO_PIC = NO;
				GCC_NO_COMMON_BLOCKS = YES;
				GCC_OPTIMIZATION_LEVEL = 0;
				GCC_PREPROCESSOR_DEFINITIONS = (
					"DEBUG=1",
					"$(inherited)",
				);
				GCC_WARN_64_TO_32_BIT_CONVERSION = YES;
				GCC_WARN_ABOUT_RETURN_TYPE = YES_ERROR;
				GCC_WARN_UNDECLARED_SELECTOR = YES;
				GCC_WARN_UNINITIALIZED_AUTOS = YES_AGGRESSIVE;
				GCC_WARN_UNUSED_FUNCTION = YES;
				GCC_WARN_UNUSED_VARIABLE = YES;
				IPHONEOS_DEPLOYMENT_TARGET = 10.2;
				MTL_ENABLE_DEBUG_INFO = YES;
				ONLY_ACTIVE_ARCH = YES;
				SDKROOT = iphoneos;
				SWIFT_ACTIVE_COMPILATION_CONDITIONS = DEBUG;
				SWIFT_OPTIMIZATION_LEVEL = "-Onone";
				TARGETED_DEVICE_FAMILY = "1,2";
			};
			name = Debug;
		};
		AC887BEF1E847E0600CCE46C /* Release */ = {
			isa = XCBuildConfiguration;
			buildSettings = {
				ALWAYS_SEARCH_USER_PATHS = NO;
				CLANG_ANALYZER_NONNULL = YES;
				CLANG_CXX_LANGUAGE_STANDARD = "gnu++0x";
				CLANG_CXX_LIBRARY = "libc++";
				CLANG_ENABLE_MODULES = YES;
				CLANG_ENABLE_OBJC_ARC = YES;
				CLANG_WARN_BOOL_CONVERSION = YES;
				CLANG_WARN_CONSTANT_CONVERSION = YES;
				CLANG_WARN_DIRECT_OBJC_ISA_USAGE = YES_ERROR;
				CLANG_WARN_DOCUMENTATION_COMMENTS = YES;
				CLANG_WARN_EMPTY_BODY = YES;
				CLANG_WARN_ENUM_CONVERSION = YES;
				CLANG_WARN_INFINITE_RECURSION = YES;
				CLANG_WARN_INT_CONVERSION = YES;
				CLANG_WARN_OBJC_ROOT_CLASS = YES_ERROR;
				CLANG_WARN_SUSPICIOUS_MOVE = YES;
				CLANG_WARN_UNREACHABLE_CODE = YES;
				CLANG_WARN__DUPLICATE_METHOD_MATCH = YES;
				"CODE_SIGN_IDENTITY[sdk=iphoneos*]" = "iPhone Developer";
				COPY_PHASE_STRIP = NO;
				DEBUG_INFORMATION_FORMAT = "dwarf-with-dsym";
				ENABLE_NS_ASSERTIONS = NO;
				ENABLE_STRICT_OBJC_MSGSEND = YES;
				GCC_C_LANGUAGE_STANDARD = gnu99;
				GCC_NO_COMMON_BLOCKS = YES;
				GCC_WARN_64_TO_32_BIT_CONVERSION = YES;
				GCC_WARN_ABOUT_RETURN_TYPE = YES_ERROR;
				GCC_WARN_UNDECLARED_SELECTOR = YES;
				GCC_WARN_UNINITIALIZED_AUTOS = YES_AGGRESSIVE;
				GCC_WARN_UNUSED_FUNCTION = YES;
				GCC_WARN_UNUSED_VARIABLE = YES;
				IPHONEOS_DEPLOYMENT_TARGET = 10.2;
				MTL_ENABLE_DEBUG_INFO = NO;
				SDKROOT = iphoneos;
				SWIFT_OPTIMIZATION_LEVEL = "-Owholemodule";
				TARGETED_DEVICE_FAMILY = "1,2";
				VALIDATE_PRODUCT = YES;
			};
			name = Release;
		};
		AC887BF11E847E0600CCE46C /* Debug */ = {
			isa = XCBuildConfiguration;
			buildSettings = {
				ASSETCATALOG_COMPILER_APPICON_NAME = AppIcon;
				INFOPLIST_FILE = FoodTracket/Info.plist;
				LD_RUNPATH_SEARCH_PATHS = "$(inherited) @executable_path/Frameworks";
				PRODUCT_BUNDLE_IDENTIFIER = com.example.FoodTracket;
				PRODUCT_NAME = "$(TARGET_NAME)";
				SWIFT_VERSION = 3.0;
			};
			name = Debug;
		};
		AC887BF21E847E0600CCE46C /* Release */ = {
			isa = XCBuildConfiguration;
			buildSettings = {
				ASSETCATALOG_COMPILER_APPICON_NAME = AppIcon;
				INFOPLIST_FILE = FoodTracket/Info.plist;
				LD_RUNPATH_SEARCH_PATHS = "$(inherited) @executable_path/Frameworks";
				PRODUCT_BUNDLE_IDENTIFIER = com.example.FoodTracket;
				PRODUCT_NAME = "$(TARGET_NAME)";
				SWIFT_VERSION = 3.0;
			};
			name = Release;
		};
/* End XCBuildConfiguration section */

/* Begin XCConfigurationList section */
		AC887BD91E847E0500CCE46C /* Build configuration list for PBXProject "FoodTracket" */ = {
			isa = XCConfigurationList;
			buildConfigurations = (
				AC887BEE1E847E0600CCE46C /* Debug */,
				AC887BEF1E847E0600CCE46C /* Release */,
			);
			defaultConfigurationIsVisible = 0;
			defaultConfigurationName = Release;
		};
		AC887BF01E847E0600CCE46C /* Build configuration list for PBXNativeTarget "FoodTracket" */ = {
			isa = XCConfigurationList;
			buildConfigurations = (
				AC887BF11E847E0600CCE46C /* Debug */,
				AC887BF21E847E0600CCE46C /* Release */,
			);
			defaultConfigurationIsVisible = 0;
		};
/* End XCConfigurationList section */
	};
	rootObject = AC887BD61E847E0500CCE46C /* Project object */;
}
